
Microsoft Visual Studio Solution File, Format Version 12.00
# Visual Studio 2013
VisualStudioVersion = 12.0.30501.0
MinimumVisualStudioVersion = 10.0.40219.1
Project("{888888A0-9F3D-457C-B088-3A5042F75D52}") = "PlayNumPy2", "PlayNumPy2.pyproj", "{30749A33-F2A5-4E1C-A166-DC4C440BFF60}"
EndProject
Project("{888888A0-9F3D-457C-B088-3A5042F75D52}") = "TestPython2", "..\TestPython2\TestPython2.pyproj", "{78093B67-684D-4F35-8DBF-217035E808D7}"
EndProject
Global
	GlobalSection(SolutionConfigurationPlatforms) = preSolution
		Debug|Any CPU = Debug|Any CPU
		Release|Any CPU = Release|Any CPU
	EndGlobalSection
	GlobalSection(ProjectConfigurationPlatforms) = postSolution
		{30749A33-F2A5-4E1C-A166-DC4C440BFF60}.Debug|Any CPU.ActiveCfg = Debug|Any CPU
		{30749A33-F2A5-4E1C-A166-DC4C440BFF60}.Release|Any CPU.ActiveCfg = Release|Any CPU
		{78093B67-684D-4F35-8DBF-217035E808D7}.Debug|Any CPU.ActiveCfg = Debug|Any CPU
		{78093B67-684D-4F35-8DBF-217035E808D7}.Release|Any CPU.ActiveCfg = Release|Any CPU
	EndGlobalSection
	GlobalSection(SolutionProperties) = preSolution
		HideSolutionNode = FALSE
	EndGlobalSection
EndGlobal
